
Microsoft Visual Studio Solution File, Format Version 12.00
# Visual Studio Version 17
VisualStudioVersion = 17.5.33530.505
MinimumVisualStudioVersion = 10.0.40219.1
Project("{FAE04EC0-301F-11D3-BF4B-00C04F79EFBC}") = "TestMVC", "TestMVC.csproj", "{5B334A35-F846-40B5-B962-DE4B04AF5EFF}"
EndProject
Global
	GlobalSection(SolutionConfigurationPlatforms) = preSolution
		Debug|Any CPU = Debug|Any CPU
		Release|Any CPU = Release|Any CPU
	EndGlobalSection
	GlobalSection(ProjectConfigurationPlatforms) = postSolution
		{5B334A35-F846-40B5-B962-DE4B04AF5EFF}.Debug|Any CPU.ActiveCfg = Debug|Any CPU
		{5B334A35-F846-40B5-B962-DE4B04AF5EFF}.Debug|Any CPU.Build.0 = Debug|Any CPU
		{5B334A35-F846-40B5-B962-DE4B04AF5EFF}.Release|Any CPU.ActiveCfg = Release|Any CPU
		{5B334A35-F846-40B5-B962-DE4B04AF5EFF}.Release|Any CPU.Build.0 = Release|Any CPU
	EndGlobalSection
	GlobalSection(SolutionProperties) = preSolution
		HideSolutionNode = FALSE
	EndGlobalSection
	GlobalSection(ExtensibilityGlobals) = postSolution
		SolutionGuid = {C7F11393-6CCA-402A-A728-AEBF4784E301}
	EndGlobalSection
EndGlobal
